
Microsoft Visual Studio Solution File, Format Version 12.00
# Visual Studio Version 16
VisualStudioVersion = 16.0.31229.75
MinimumVisualStudioVersion = 10.0.40219.1
Project("{8BC9CEB8-8B4A-11D0-8D11-00A0C91BC942}") = "DataStructure", "DataStructure.vcxproj", "{25A39EF9-F191-4B06-BF1E-0374981BEB9C}"
EndProject
Global
	GlobalSection(SolutionConfigurationPlatforms) = preSolution
		Debug|x64 = Debug|x64
		Debug|x86 = Debug|x86
		Release|x64 = Release|x64
		Release|x86 = Release|x86
	EndGlobalSection
	GlobalSection(ProjectConfigurationPlatforms) = postSolution
		{25A39EF9-F191-4B06-BF1E-0374981BEB9C}.Debug|x64.ActiveCfg = Debug|x64
		{25A39EF9-F191-4B06-BF1E-0374981BEB9C}.Debug|x64.Build.0 = Debug|x64
		{25A39EF9-F191-4B06-BF1E-0374981BEB9C}.Debug|x86.ActiveCfg = Debug|Win32
		{25A39EF9-F191-4B06-BF1E-0374981BEB9C}.Debug|x86.Build.0 = Debug|Win32
		{25A39EF9-F191-4B06-BF1E-0374981BEB9C}.Release|x64.ActiveCfg = Release|x64
		{25A39EF9-F191-4B06-BF1E-0374981BEB9C}.Release|x64.Build.0 = Release|x64
		{25A39EF9-F191-4B06-BF1E-0374981BEB9C}.Release|x86.ActiveCfg = Release|Win32
		{25A39EF9-F191-4B06-BF1E-0374981BEB9C}.Release|x86.Build.0 = Release|Win32
	EndGlobalSection
	GlobalSection(SolutionProperties) = preSolution
		HideSolutionNode = FALSE
	EndGlobalSection
	GlobalSection(ExtensibilityGlobals) = postSolution
		SolutionGuid = {30B4DE1D-6801-4E10-8570-D2B3C21B29BA}
	EndGlobalSection
EndGlobal
